
Microsoft Visual Studio Solution File, Format Version 12.00
# Visual Studio Version 16
VisualStudioVersion = 16.0.30413.136
MinimumVisualStudioVersion = 10.0.40219.1
Project("{FAE04EC0-301F-11D3-BF4B-00C04F79EFBC}") = "Grid_App_koss.Android", "Grid_App_koss\Grid_App_koss.Android\Grid_App_koss.Android.csproj", "{2E651374-8812-4FB6-AB6F-3617A890F204}"
EndProject
Project("{FAE04EC0-301F-11D3-BF4B-00C04F79EFBC}") = "Grid_App_koss.iOS", "Grid_App_koss\Grid_App_koss.iOS\Grid_App_koss.iOS.csproj", "{48C45967-EAD3-4806-9BD5-5B03895AFC15}"
EndProject
Project("{FAE04EC0-301F-11D3-BF4B-00C04F79EFBC}") = "Grid_App_koss", "Grid_App_koss\Grid_App_koss\Grid_App_koss.csproj", "{C7004A7D-CFA9-4071-A634-AB0BD3DDD1F6}"
EndProject
Global
	GlobalSection(SolutionConfigurationPlatforms) = preSolution
		Debug|Any CPU = Debug|Any CPU
		Debug|iPhone = Debug|iPhone
		Debug|iPhoneSimulator = Debug|iPhoneSimulator
		Release|Any CPU = Release|Any CPU
		Release|iPhone = Release|iPhone
		Release|iPhoneSimulator = Release|iPhoneSimulator
	EndGlobalSection
	GlobalSection(ProjectConfigurationPlatforms) = postSolution
		{2E651374-8812-4FB6-AB6F-3617A890F204}.Debug|Any CPU.ActiveCfg = Debug|Any CPU
		{2E651374-8812-4FB6-AB6F-3617A890F204}.Debug|Any CPU.Build.0 = Debug|Any CPU
		{2E651374-8812-4FB6-AB6F-3617A890F204}.Debug|Any CPU.Deploy.0 = Debug|Any CPU
		{2E651374-8812-4FB6-AB6F-3617A890F204}.Debug|iPhone.ActiveCfg = Debug|Any CPU
		{2E651374-8812-4FB6-AB6F-3617A890F204}.Debug|iPhone.Build.0 = Debug|Any CPU
		{2E651374-8812-4FB6-AB6F-3617A890F204}.Debug|iPhone.Deploy.0 = Debug|Any CPU
		{2E651374-8812-4FB6-AB6F-3617A890F204}.Debug|iPhoneSimulator.ActiveCfg = Debug|Any CPU
		{2E651374-8812-4FB6-AB6F-3617A890F204}.Debug|iPhoneSimulator.Build.0 = Debug|Any CPU
		{2E651374-8812-4FB6-AB6F-3617A890F204}.Debug|iPhoneSimulator.Deploy.0 = Debug|Any CPU
		{2E651374-8812-4FB6-AB6F-3617A890F204}.Release|Any CPU.ActiveCfg = Release|Any CPU
		{2E651374-8812-4FB6-AB6F-3617A890F204}.Release|Any CPU.Build.0 = Release|Any CPU
		{2E651374-8812-4FB6-AB6F-3617A890F204}.Release|Any CPU.Deploy.0 = Release|Any CPU
		{2E651374-8812-4FB6-AB6F-3617A890F204}.Release|iPhone.ActiveCfg = Release|Any CPU
		{2E651374-8812-4FB6-AB6F-3617A890F204}.Release|iPhone.Build.0 = Release|Any CPU
		{2E651374-8812-4FB6-AB6F-3617A890F204}.Release|iPhone.Deploy.0 = Release|Any CPU
		{2E651374-8812-4FB6-AB6F-3617A890F204}.Release|iPhoneSimulator.ActiveCfg = Release|Any CPU
		{2E651374-8812-4FB6-AB6F-3617A890F204}.Release|iPhoneSimulator.Build.0 = Release|Any CPU
		{2E651374-8812-4FB6-AB6F-3617A890F204}.Release|iPhoneSimulator.Deploy.0 = Release|Any CPU
		{48C45967-EAD3-4806-9BD5-5B03895AFC15}.Debug|Any CPU.ActiveCfg = Debug|iPhone
		{48C45967-EAD3-4806-9BD5-5B03895AFC15}.Debug|Any CPU.Build.0 = Debug|iPhone
		{48C45967-EAD3-4806-9BD5-5B03895AFC15}.Debug|Any CPU.Deploy.0 = Debug|iPhone
		{48C45967-EAD3-4806-9BD5-5B03895AFC15}.Debug|iPhone.ActiveCfg = Debug|iPhone
		{48C45967-EAD3-4806-9BD5-5B03895AFC15}.Debug|iPhone.Build.0 = Debug|iPhone
		{48C45967-EAD3-4806-9BD5-5B03895AFC15}.Debug|iPhone.Deploy.0 = Debug|iPhone
		{48C45967-EAD3-4806-9BD5-5B03895AFC15}.Debug|iPhoneSimulator.ActiveCfg = Debug|iPhoneSimulator
		{48C45967-EAD3-4806-9BD5-5B03895AFC15}.Debug|iPhoneSimulator.Build.0 = Debug|iPhoneSimulator
		{48C45967-EAD3-4806-9BD5-5B03895AFC15}.Debug|iPhoneSimulator.Deploy.0 = Debug|iPhoneSimulator
		{48C45967-EAD3-4806-9BD5-5B03895AFC15}.Release|Any CPU.ActiveCfg = Release|iPhone
		{48C45967-EAD3-4806-9BD5-5B03895AFC15}.Release|Any CPU.Build.0 = Release|iPhone
		{48C45967-EAD3-4806-9BD5-5B03895AFC15}.Release|Any CPU.Deploy.0 = Release|iPhone
		{48C45967-EAD3-4806-9BD5-5B03895AFC15}.Release|iPhone.ActiveCfg = Release|iPhone
		{48C45967-EAD3-4806-9BD5-5B03895AFC15}.Release|iPhone.Build.0 = Release|iPhone
		{48C45967-EAD3-4806-9BD5-5B03895AFC15}.Release|iPhone.Deploy.0 = Release|iPhone
		{48C45967-EAD3-4806-9BD5-5B03895AFC15}.Release|iPhoneSimulator.ActiveCfg = Release|iPhoneSimulator
		{48C45967-EAD3-4806-9BD5-5B03895AFC15}.Release|iPhoneSimulator.Build.0 = Release|iPhoneSimulator
		{48C45967-EAD3-4806-9BD5-5B03895AFC15}.Release|iPhoneSimulator.Deploy.0 = Release|iPhoneSimulator
		{C7004A7D-CFA9-4071-A634-AB0BD3DDD1F6}.Debug|Any CPU.ActiveCfg = Debug|Any CPU
		{C7004A7D-CFA9-4071-A634-AB0BD3DDD1F6}.Debug|Any CPU.Build.0 = Debug|Any CPU
		{C7004A7D-CFA9-4071-A634-AB0BD3DDD1F6}.Debug|Any CPU.Deploy.0 = Debug|Any CPU
		{C7004A7D-CFA9-4071-A634-AB0BD3DDD1F6}.Debug|iPhone.ActiveCfg = Debug|Any CPU
		{C7004A7D-CFA9-4071-A634-AB0BD3DDD1F6}.Debug|iPhone.Build.0 = Debug|Any CPU
		{C7004A7D-CFA9-4071-A634-AB0BD3DDD1F6}.Debug|iPhone.Deploy.0 = Debug|Any CPU
		{C7004A7D-CFA9-4071-A634-AB0BD3DDD1F6}.Debug|iPhoneSimulator.ActiveCfg = Debug|Any CPU
		{C7004A7D-CFA9-4071-A634-AB0BD3DDD1F6}.Debug|iPhoneSimulator.Build.0 = Debug|Any CPU
		{C7004A7D-CFA9-4071-A634-AB0BD3DDD1F6}.Debug|iPhoneSimulator.Deploy.0 = Debug|Any CPU
		{C7004A7D-CFA9-4071-A634-AB0BD3DDD1F6}.Release|Any CPU.ActiveCfg = Release|Any CPU
		{C7004A7D-CFA9-4071-A634-AB0BD3DDD1F6}.Release|Any CPU.Build.0 = Release|Any CPU
		{C7004A7D-CFA9-4071-A634-AB0BD3DDD1F6}.Release|Any CPU.Deploy.0 = Release|Any CPU
		{C7004A7D-CFA9-4071-A634-AB0BD3DDD1F6}.Release|iPhone.ActiveCfg = Release|Any CPU
		{C7004A7D-CFA9-4071-A634-AB0BD3DDD1F6}.Release|iPhone.Build.0 = Release|Any CPU
		{C7004A7D-CFA9-4071-A634-AB0BD3DDD1F6}.Release|iPhone.Deploy.0 = Release|Any CPU
		{C7004A7D-CFA9-4071-A634-AB0BD3DDD1F6}.Release|iPhoneSimulator.ActiveCfg = Release|Any CPU
		{C7004A7D-CFA9-4071-A634-AB0BD3DDD1F6}.Release|iPhoneSimulator.Build.0 = Release|Any CPU
		{C7004A7D-CFA9-4071-A634-AB0BD3DDD1F6}.Release|iPhoneSimulator.Deploy.0 = Release|Any CPU
	EndGlobalSection
	GlobalSection(SolutionProperties) = preSolution
		HideSolutionNode = FALSE
	EndGlobalSection
	GlobalSection(ExtensibilityGlobals) = postSolution
		SolutionGuid = {D6D986EC-FE5B-41F7-A9C8-8A8C4B22D281}
	EndGlobalSection
EndGlobal
